
Microsoft Visual Studio Solution File, Format Version 12.00
# Visual Studio Version 17
VisualStudioVersion = 17.6.33815.320
MinimumVisualStudioVersion = 10.0.40219.1
Project("{9A19103F-16F7-4668-BE54-9A1E7A4F7556}") = "TransparentPixelsRemover", "TransparentPixelsRemover\TransparentPixelsRemover.csproj", "{B443905A-439F-4EA0-B67C-65F9B74F3ECE}"
EndProject
Global
	GlobalSection(SolutionConfigurationPlatforms) = preSolution
		Debug|Any CPU = Debug|Any CPU
		Release|Any CPU = Release|Any CPU
	EndGlobalSection
	GlobalSection(ProjectConfigurationPlatforms) = postSolution
		{B443905A-439F-4EA0-B67C-65F9B74F3ECE}.Debug|Any CPU.ActiveCfg = Debug|Any CPU
		{B443905A-439F-4EA0-B67C-65F9B74F3ECE}.Debug|Any CPU.Build.0 = Debug|Any CPU
		{B443905A-439F-4EA0-B67C-65F9B74F3ECE}.Release|Any CPU.ActiveCfg = Release|Any CPU
		{B443905A-439F-4EA0-B67C-65F9B74F3ECE}.Release|Any CPU.Build.0 = Release|Any CPU
	EndGlobalSection
	GlobalSection(SolutionProperties) = preSolution
		HideSolutionNode = FALSE
	EndGlobalSection
	GlobalSection(ExtensibilityGlobals) = postSolution
		SolutionGuid = {F2EDD6CB-F4BD-47E1-BCBF-8D218B3188F8}
	EndGlobalSection
EndGlobal
